
Microsoft Visual Studio Solution File, Format Version 12.00
# Visual Studio Version 16
VisualStudioVersion = 16.0.29613.14
MinimumVisualStudioVersion = 10.0.40219.1
Project("{8BC9CEB8-8B4A-11D0-8D11-00A0C91BC942}") = "TowerDefense", "TowerDefense\TowerDefense.vcxproj", "{EE07972C-4263-4A53-B130-AF5439CA85A8}"
EndProject
Project("{8BC9CEB8-8B4A-11D0-8D11-00A0C91BC942}") = "Console", "Console\Console.vcxproj", "{89A1D0D8-1E5C-45B3-9F1A-BCC44374F64D}"
EndProject
Project("{8BC9CEB8-8B4A-11D0-8D11-00A0C91BC942}") = "Converter", "Converter\Converter.vcxproj", "{9DEA1F1F-B923-4756-ABA4-45AE86576DD8}"
EndProject
Global
	GlobalSection(SolutionConfigurationPlatforms) = preSolution
		Debug|ARM = Debug|ARM
		Debug|ARM64 = Debug|ARM64
		Debug|x64 = Debug|x64
		Debug|x86 = Debug|x86
		Release|ARM = Release|ARM
		Release|ARM64 = Release|ARM64
		Release|x64 = Release|x64
		Release|x86 = Release|x86
	EndGlobalSection
	GlobalSection(ProjectConfigurationPlatforms) = postSolution
		{EE07972C-4263-4A53-B130-AF5439CA85A8}.Debug|ARM.ActiveCfg = Debug|ARM
		{EE07972C-4263-4A53-B130-AF5439CA85A8}.Debug|ARM.Build.0 = Debug|ARM
		{EE07972C-4263-4A53-B130-AF5439CA85A8}.Debug|ARM.Deploy.0 = Debug|ARM
		{EE07972C-4263-4A53-B130-AF5439CA85A8}.Debug|ARM64.ActiveCfg = Debug|ARM64
		{EE07972C-4263-4A53-B130-AF5439CA85A8}.Debug|ARM64.Build.0 = Debug|ARM64
		{EE07972C-4263-4A53-B130-AF5439CA85A8}.Debug|ARM64.Deploy.0 = Debug|ARM64
		{EE07972C-4263-4A53-B130-AF5439CA85A8}.Debug|x64.ActiveCfg = Debug|x64
		{EE07972C-4263-4A53-B130-AF5439CA85A8}.Debug|x64.Build.0 = Debug|x64
		{EE07972C-4263-4A53-B130-AF5439CA85A8}.Debug|x64.Deploy.0 = Debug|x64
		{EE07972C-4263-4A53-B130-AF5439CA85A8}.Debug|x86.ActiveCfg = Debug|Win32
		{EE07972C-4263-4A53-B130-AF5439CA85A8}.Debug|x86.Build.0 = Debug|Win32
		{EE07972C-4263-4A53-B130-AF5439CA85A8}.Debug|x86.Deploy.0 = Debug|Win32
		{EE07972C-4263-4A53-B130-AF5439CA85A8}.Release|ARM.ActiveCfg = Release|ARM
		{EE07972C-4263-4A53-B130-AF5439CA85A8}.Release|ARM.Build.0 = Release|ARM
		{EE07972C-4263-4A53-B130-AF5439CA85A8}.Release|ARM.Deploy.0 = Release|ARM
		{EE07972C-4263-4A53-B130-AF5439CA85A8}.Release|ARM64.ActiveCfg = Release|ARM64
		{EE07972C-4263-4A53-B130-AF5439CA85A8}.Release|ARM64.Build.0 = Release|ARM64
		{EE07972C-4263-4A53-B130-AF5439CA85A8}.Release|ARM64.Deploy.0 = Release|ARM64
		{EE07972C-4263-4A53-B130-AF5439CA85A8}.Release|x64.ActiveCfg = Release|x64
		{EE07972C-4263-4A53-B130-AF5439CA85A8}.Release|x64.Build.0 = Release|x64
		{EE07972C-4263-4A53-B130-AF5439CA85A8}.Release|x64.Deploy.0 = Release|x64
		{EE07972C-4263-4A53-B130-AF5439CA85A8}.Release|x86.ActiveCfg = Release|Win32
		{EE07972C-4263-4A53-B130-AF5439CA85A8}.Release|x86.Build.0 = Release|Win32
		{EE07972C-4263-4A53-B130-AF5439CA85A8}.Release|x86.Deploy.0 = Release|Win32
		{89A1D0D8-1E5C-45B3-9F1A-BCC44374F64D}.Debug|ARM.ActiveCfg = Debug|Win32
		{89A1D0D8-1E5C-45B3-9F1A-BCC44374F64D}.Debug|ARM64.ActiveCfg = Debug|Win32
		{89A1D0D8-1E5C-45B3-9F1A-BCC44374F64D}.Debug|x64.ActiveCfg = Debug|x64
		{89A1D0D8-1E5C-45B3-9F1A-BCC44374F64D}.Debug|x64.Build.0 = Debug|x64
		{89A1D0D8-1E5C-45B3-9F1A-BCC44374F64D}.Debug|x86.ActiveCfg = Debug|Win32
		{89A1D0D8-1E5C-45B3-9F1A-BCC44374F64D}.Debug|x86.Build.0 = Debug|Win32
		{89A1D0D8-1E5C-45B3-9F1A-BCC44374F64D}.Release|ARM.ActiveCfg = Release|Win32
		{89A1D0D8-1E5C-45B3-9F1A-BCC44374F64D}.Release|ARM64.ActiveCfg = Release|Win32
		{89A1D0D8-1E5C-45B3-9F1A-BCC44374F64D}.Release|x64.ActiveCfg = Release|x64
		{89A1D0D8-1E5C-45B3-9F1A-BCC44374F64D}.Release|x64.Build.0 = Release|x64
		{89A1D0D8-1E5C-45B3-9F1A-BCC44374F64D}.Release|x86.ActiveCfg = Release|Win32
		{89A1D0D8-1E5C-45B3-9F1A-BCC44374F64D}.Release|x86.Build.0 = Release|Win32
		{9DEA1F1F-B923-4756-ABA4-45AE86576DD8}.Debug|ARM.ActiveCfg = Debug|ARM
		{9DEA1F1F-B923-4756-ABA4-45AE86576DD8}.Debug|ARM.Build.0 = Debug|ARM
		{9DEA1F1F-B923-4756-ABA4-45AE86576DD8}.Debug|ARM.Deploy.0 = Debug|ARM
		{9DEA1F1F-B923-4756-ABA4-45AE86576DD8}.Debug|ARM64.ActiveCfg = Debug|ARM64
		{9DEA1F1F-B923-4756-ABA4-45AE86576DD8}.Debug|ARM64.Build.0 = Debug|ARM64
		{9DEA1F1F-B923-4756-ABA4-45AE86576DD8}.Debug|ARM64.Deploy.0 = Debug|ARM64
		{9DEA1F1F-B923-4756-ABA4-45AE86576DD8}.Debug|x64.ActiveCfg = Debug|x64
		{9DEA1F1F-B923-4756-ABA4-45AE86576DD8}.Debug|x64.Build.0 = Debug|x64
		{9DEA1F1F-B923-4756-ABA4-45AE86576DD8}.Debug|x64.Deploy.0 = Debug|x64
		{9DEA1F1F-B923-4756-ABA4-45AE86576DD8}.Debug|x86.ActiveCfg = Debug|Win32
		{9DEA1F1F-B923-4756-ABA4-45AE86576DD8}.Debug|x86.Build.0 = Debug|Win32
		{9DEA1F1F-B923-4756-ABA4-45AE86576DD8}.Debug|x86.Deploy.0 = Debug|Win32
		{9DEA1F1F-B923-4756-ABA4-45AE86576DD8}.Release|ARM.ActiveCfg = Release|ARM
		{9DEA1F1F-B923-4756-ABA4-45AE86576DD8}.Release|ARM.Build.0 = Release|ARM
		{9DEA1F1F-B923-4756-ABA4-45AE86576DD8}.Release|ARM.Deploy.0 = Release|ARM
		{9DEA1F1F-B923-4756-ABA4-45AE86576DD8}.Release|ARM64.ActiveCfg = Release|ARM64
		{9DEA1F1F-B923-4756-ABA4-45AE86576DD8}.Release|ARM64.Build.0 = Release|ARM64
		{9DEA1F1F-B923-4756-ABA4-45AE86576DD8}.Release|ARM64.Deploy.0 = Release|ARM64
		{9DEA1F1F-B923-4756-ABA4-45AE86576DD8}.Release|x64.ActiveCfg = Release|x64
		{9DEA1F1F-B923-4756-ABA4-45AE86576DD8}.Release|x64.Build.0 = Release|x64
		{9DEA1F1F-B923-4756-ABA4-45AE86576DD8}.Release|x64.Deploy.0 = Release|x64
		{9DEA1F1F-B923-4756-ABA4-45AE86576DD8}.Release|x86.ActiveCfg = Release|Win32
		{9DEA1F1F-B923-4756-ABA4-45AE86576DD8}.Release|x86.Build.0 = Release|Win32
		{9DEA1F1F-B923-4756-ABA4-45AE86576DD8}.Release|x86.Deploy.0 = Release|Win32
	EndGlobalSection
	GlobalSection(SolutionProperties) = preSolution
		HideSolutionNode = FALSE
	EndGlobalSection
	GlobalSection(ExtensibilityGlobals) = postSolution
		SolutionGuid = {FD9CCBA6-92F9-455D-AB2C-2917F1ADA761}
	EndGlobalSection
EndGlobal
